
Microsoft Visual Studio Solution File, Format Version 12.00
# Visual Studio Version 17
VisualStudioVersion = 17.9.34714.143
MinimumVisualStudioVersion = 10.0.40219.1
Project("{FAE04EC0-301F-11D3-BF4B-00C04F79EFBC}") = "WYDDJZS", "WYDDJZS.csproj", "{353EDF53-79D9-458F-BAFE-7F87F5490B58}"
EndProject
Global
	GlobalSection(SolutionConfigurationPlatforms) = preSolution
		Debug|Any CPU = Debug|Any CPU
		Release|Any CPU = Release|Any CPU
	EndGlobalSection
	GlobalSection(ProjectConfigurationPlatforms) = postSolution
		{353EDF53-79D9-458F-BAFE-7F87F5490B58}.Debug|Any CPU.ActiveCfg = Debug|Any CPU
		{353EDF53-79D9-458F-BAFE-7F87F5490B58}.Debug|Any CPU.Build.0 = Debug|Any CPU
		{353EDF53-79D9-458F-BAFE-7F87F5490B58}.Release|Any CPU.ActiveCfg = Release|Any CPU
		{353EDF53-79D9-458F-BAFE-7F87F5490B58}.Release|Any CPU.Build.0 = Release|Any CPU
	EndGlobalSection
	GlobalSection(SolutionProperties) = preSolution
		HideSolutionNode = FALSE
	EndGlobalSection
	GlobalSection(ExtensibilityGlobals) = postSolution
		SolutionGuid = {DB4F333C-39D3-48DB-9CFA-8E7F98B30DAF}
	EndGlobalSection
EndGlobal
